
Microsoft Visual Studio Solution File, Format Version 12.00
# Visual Studio Version 17
VisualStudioVersion = 17.10.35027.167
MinimumVisualStudioVersion = 10.0.40219.1
Project("{FAE04EC0-301F-11D3-BF4B-00C04F79EFBC}") = "A_Picture01", "A_Picture01\A_Picture01.csproj", "{22C68522-9697-45F9-A386-E09E7786928A}"
EndProject
Project("{FAE04EC0-301F-11D3-BF4B-00C04F79EFBC}") = "A_Picture02", "A_Picture02\A_Picture02.csproj", "{F937A444-DFAC-45D1-86E6-BE4CB934F740}"
EndProject
Global
	GlobalSection(SolutionConfigurationPlatforms) = preSolution
		Debug|Any CPU = Debug|Any CPU
		Release|Any CPU = Release|Any CPU
	EndGlobalSection
	GlobalSection(ProjectConfigurationPlatforms) = postSolution
		{22C68522-9697-45F9-A386-E09E7786928A}.Debug|Any CPU.ActiveCfg = Debug|Any CPU
		{22C68522-9697-45F9-A386-E09E7786928A}.Debug|Any CPU.Build.0 = Debug|Any CPU
		{22C68522-9697-45F9-A386-E09E7786928A}.Release|Any CPU.ActiveCfg = Release|Any CPU
		{22C68522-9697-45F9-A386-E09E7786928A}.Release|Any CPU.Build.0 = Release|Any CPU
		{F937A444-DFAC-45D1-86E6-BE4CB934F740}.Debug|Any CPU.ActiveCfg = Debug|Any CPU
		{F937A444-DFAC-45D1-86E6-BE4CB934F740}.Debug|Any CPU.Build.0 = Debug|Any CPU
		{F937A444-DFAC-45D1-86E6-BE4CB934F740}.Release|Any CPU.ActiveCfg = Release|Any CPU
		{F937A444-DFAC-45D1-86E6-BE4CB934F740}.Release|Any CPU.Build.0 = Release|Any CPU
	EndGlobalSection
	GlobalSection(SolutionProperties) = preSolution
		HideSolutionNode = FALSE
	EndGlobalSection
	GlobalSection(ExtensibilityGlobals) = postSolution
		SolutionGuid = {E27AF5DD-0DB2-4E1E-8534-137660350DE6}
	EndGlobalSection
EndGlobal
