
Microsoft Visual Studio Solution File, Format Version 12.00
# Visual Studio Version 17
VisualStudioVersion = 17.10.35027.167
MinimumVisualStudioVersion = 10.0.40219.1
Project("{FAE04EC0-301F-11D3-BF4B-00C04F79EFBC}") = "A_NetStat", "A_NetStat\A_NetStat.csproj", "{258742F9-D055-49A7-BDE7-E4D22A02EFAF}"
EndProject
Global
	GlobalSection(SolutionConfigurationPlatforms) = preSolution
		Debug|Any CPU = Debug|Any CPU
		Release|Any CPU = Release|Any CPU
	EndGlobalSection
	GlobalSection(ProjectConfigurationPlatforms) = postSolution
		{258742F9-D055-49A7-BDE7-E4D22A02EFAF}.Debug|Any CPU.ActiveCfg = Debug|Any CPU
		{258742F9-D055-49A7-BDE7-E4D22A02EFAF}.Debug|Any CPU.Build.0 = Debug|Any CPU
		{258742F9-D055-49A7-BDE7-E4D22A02EFAF}.Release|Any CPU.ActiveCfg = Release|Any CPU
		{258742F9-D055-49A7-BDE7-E4D22A02EFAF}.Release|Any CPU.Build.0 = Release|Any CPU
	EndGlobalSection
	GlobalSection(SolutionProperties) = preSolution
		HideSolutionNode = FALSE
	EndGlobalSection
	GlobalSection(ExtensibilityGlobals) = postSolution
		SolutionGuid = {96B47A95-F8DA-4693-BFAD-3BA9AAFEE3AE}
	EndGlobalSection
EndGlobal
