
Microsoft Visual Studio Solution File, Format Version 12.00
# Visual Studio Version 17
VisualStudioVersion = 17.10.35027.167
MinimumVisualStudioVersion = 10.0.40219.1
Project("{FAE04EC0-301F-11D3-BF4B-00C04F79EFBC}") = "A_FormView", "A_FormView\A_FormView.csproj", "{48A65006-EA92-4E50-B108-8AF575293315}"
EndProject
Project("{FAE04EC0-301F-11D3-BF4B-00C04F79EFBC}") = "A_TrayMsg", "A_TrayMsg\A_TrayMsg.csproj", "{4ED53483-C56E-448D-AA52-E23FD83F5412}"
EndProject
Global
	GlobalSection(SolutionConfigurationPlatforms) = preSolution
		Debug|Any CPU = Debug|Any CPU
		Release|Any CPU = Release|Any CPU
	EndGlobalSection
	GlobalSection(ProjectConfigurationPlatforms) = postSolution
		{48A65006-EA92-4E50-B108-8AF575293315}.Debug|Any CPU.ActiveCfg = Debug|Any CPU
		{48A65006-EA92-4E50-B108-8AF575293315}.Debug|Any CPU.Build.0 = Debug|Any CPU
		{48A65006-EA92-4E50-B108-8AF575293315}.Release|Any CPU.ActiveCfg = Release|Any CPU
		{48A65006-EA92-4E50-B108-8AF575293315}.Release|Any CPU.Build.0 = Release|Any CPU
		{4ED53483-C56E-448D-AA52-E23FD83F5412}.Debug|Any CPU.ActiveCfg = Debug|Any CPU
		{4ED53483-C56E-448D-AA52-E23FD83F5412}.Debug|Any CPU.Build.0 = Debug|Any CPU
		{4ED53483-C56E-448D-AA52-E23FD83F5412}.Release|Any CPU.ActiveCfg = Release|Any CPU
		{4ED53483-C56E-448D-AA52-E23FD83F5412}.Release|Any CPU.Build.0 = Release|Any CPU
	EndGlobalSection
	GlobalSection(SolutionProperties) = preSolution
		HideSolutionNode = FALSE
	EndGlobalSection
	GlobalSection(ExtensibilityGlobals) = postSolution
		SolutionGuid = {7AE5B67F-6530-4FAA-BD8C-25A402DDBBA0}
	EndGlobalSection
EndGlobal
